
Microsoft Visual Studio Solution File, Format Version 12.00
# Visual Studio Version 17
VisualStudioVersion = 17.14.36518.9 d17.14
MinimumVisualStudioVersion = 10.0.40219.1
Project("{8BC9CEB8-8B4A-11D0-8D11-00A0C91BC942}") = "Function_design", "Function_design\Function_design.vcxproj", "{32332DAC-B718-4C45-84E6-5A84BE3C8F0E}"
EndProject
Global
	GlobalSection(SolutionConfigurationPlatforms) = preSolution
		Debug|x64 = Debug|x64
		Debug|x86 = Debug|x86
		Release|x64 = Release|x64
		Release|x86 = Release|x86
	EndGlobalSection
	GlobalSection(ProjectConfigurationPlatforms) = postSolution
		{32332DAC-B718-4C45-84E6-5A84BE3C8F0E}.Debug|x64.ActiveCfg = Debug|x64
		{32332DAC-B718-4C45-84E6-5A84BE3C8F0E}.Debug|x64.Build.0 = Debug|x64
		{32332DAC-B718-4C45-84E6-5A84BE3C8F0E}.Debug|x86.ActiveCfg = Debug|Win32
		{32332DAC-B718-4C45-84E6-5A84BE3C8F0E}.Debug|x86.Build.0 = Debug|Win32
		{32332DAC-B718-4C45-84E6-5A84BE3C8F0E}.Release|x64.ActiveCfg = Release|x64
		{32332DAC-B718-4C45-84E6-5A84BE3C8F0E}.Release|x64.Build.0 = Release|x64
		{32332DAC-B718-4C45-84E6-5A84BE3C8F0E}.Release|x86.ActiveCfg = Release|Win32
		{32332DAC-B718-4C45-84E6-5A84BE3C8F0E}.Release|x86.Build.0 = Release|Win32
	EndGlobalSection
	GlobalSection(SolutionProperties) = preSolution
		HideSolutionNode = FALSE
	EndGlobalSection
	GlobalSection(ExtensibilityGlobals) = postSolution
		SolutionGuid = {6776A46E-09A3-461A-93D1-B8DD63D2322A}
	EndGlobalSection
EndGlobal
